
Microsoft Visual Studio Solution File, Format Version 12.00
# Visual Studio Version 16
VisualStudioVersion = 16.0.29613.14
MinimumVisualStudioVersion = 10.0.40219.1
Project("{8BC9CEB8-8B4A-11D0-8D11-00A0C91BC942}") = "2 MainConveyor", "2 MainConveyor\2 MainConveyor.vcxproj", "{060EBA15-D706-4BCF-838E-DF2206C9811D}"
EndProject
Project("{8BC9CEB8-8B4A-11D0-8D11-00A0C91BC942}") = "Tests", "Tests\Tests.vcxproj", "{EDB5E722-F0EE-44A1-90CC-98076F8A1F45}"
EndProject
Global
	GlobalSection(SolutionConfigurationPlatforms) = preSolution
		Debug|x64 = Debug|x64
		Debug|x86 = Debug|x86
		Release|x64 = Release|x64
		Release|x86 = Release|x86
	EndGlobalSection
	GlobalSection(ProjectConfigurationPlatforms) = postSolution
		{060EBA15-D706-4BCF-838E-DF2206C9811D}.Debug|x64.ActiveCfg = Debug|x64
		{060EBA15-D706-4BCF-838E-DF2206C9811D}.Debug|x64.Build.0 = Debug|x64
		{060EBA15-D706-4BCF-838E-DF2206C9811D}.Debug|x86.ActiveCfg = Debug|Win32
		{060EBA15-D706-4BCF-838E-DF2206C9811D}.Debug|x86.Build.0 = Debug|Win32
		{060EBA15-D706-4BCF-838E-DF2206C9811D}.Release|x64.ActiveCfg = Release|x64
		{060EBA15-D706-4BCF-838E-DF2206C9811D}.Release|x64.Build.0 = Release|x64
		{060EBA15-D706-4BCF-838E-DF2206C9811D}.Release|x86.ActiveCfg = Release|Win32
		{060EBA15-D706-4BCF-838E-DF2206C9811D}.Release|x86.Build.0 = Release|Win32
		{EDB5E722-F0EE-44A1-90CC-98076F8A1F45}.Debug|x64.ActiveCfg = Debug|x64
		{EDB5E722-F0EE-44A1-90CC-98076F8A1F45}.Debug|x64.Build.0 = Debug|x64
		{EDB5E722-F0EE-44A1-90CC-98076F8A1F45}.Debug|x86.ActiveCfg = Debug|Win32
		{EDB5E722-F0EE-44A1-90CC-98076F8A1F45}.Debug|x86.Build.0 = Debug|Win32
		{EDB5E722-F0EE-44A1-90CC-98076F8A1F45}.Release|x64.ActiveCfg = Release|x64
		{EDB5E722-F0EE-44A1-90CC-98076F8A1F45}.Release|x64.Build.0 = Release|x64
		{EDB5E722-F0EE-44A1-90CC-98076F8A1F45}.Release|x86.ActiveCfg = Release|Win32
		{EDB5E722-F0EE-44A1-90CC-98076F8A1F45}.Release|x86.Build.0 = Release|Win32
	EndGlobalSection
	GlobalSection(SolutionProperties) = preSolution
		HideSolutionNode = FALSE
	EndGlobalSection
	GlobalSection(ExtensibilityGlobals) = postSolution
		SolutionGuid = {842899AF-D5FC-4742-992A-671A1C466128}
	EndGlobalSection
EndGlobal
